// !$*UTF8*$!
{
	archiveVersion = 1;
	classes = {
	};
	objectVersion = 50;
	objects = {

/* Begin PBXBuildFile section */
		4541687924FCA093006ED15A /* AppDelegate.swift in Sources */ = {isa = PBXBuildFile; fileRef = 4541687824FCA093006ED15A /* AppDelegate.swift */; };
		4541687B24FCA093006ED15A /* SceneDelegate.swift in Sources */ = {isa = PBXBuildFile; fileRef = 4541687A24FCA093006ED15A /* SceneDelegate.swift */; };
		4541687D24FCA093006ED15A /* ContentView.swift in Sources */ = {isa = PBXBuildFile; fileRef = 4541687C24FCA093006ED15A /* ContentView.swift */; };
		4541687F24FCA098006ED15A /* Assets.xcassets in Resources */ = {isa = PBXBuildFile; fileRef = 4541687E24FCA098006ED15A /* Assets.xcassets */; };
		4541688224FCA098006ED15A /* Preview Assets.xcassets in Resources */ = {isa = PBXBuildFile; fileRef = 4541688124FCA098006ED15A /* Preview Assets.xcassets */; };
		4541688524FCA098006ED15A /* LaunchScreen.storyboard in Resources */ = {isa = PBXBuildFile; fileRef = 4541688324FCA098006ED15A /* LaunchScreen.storyboard */; };
		4541688E24FCA612006ED15A /* RecordedWorkout.swift in Sources */ = {isa = PBXBuildFile; fileRef = 4541688D24FCA612006ED15A /* RecordedWorkout.swift */; };
		4541689024FEA705006ED15A /* BeginWorkout.swift in Sources */ = {isa = PBXBuildFile; fileRef = 4541688F24FEA705006ED15A /* BeginWorkout.swift */; };
		4541689524FEFBD2006ED15A /* GenericButton.swift in Sources */ = {isa = PBXBuildFile; fileRef = 4541689424FEFBD2006ED15A /* GenericButton.swift */; };
		4541689724FF010A006ED15A /* CreateWorkoutScreen.swift in Sources */ = {isa = PBXBuildFile; fileRef = 4541689624FF010A006ED15A /* CreateWorkoutScreen.swift */; };
		4541689924FF045E006ED15A /* WorkoutList.swift in Sources */ = {isa = PBXBuildFile; fileRef = 4541689824FF045E006ED15A /* WorkoutList.swift */; };
		459598A125070C3A001A48AC /* ButtonStyles.swift in Sources */ = {isa = PBXBuildFile; fileRef = 459598A025070C3A001A48AC /* ButtonStyles.swift */; };
		459598A425098329001A48AC /* TextBindingManager.swift in Sources */ = {isa = PBXBuildFile; fileRef = 459598A325098329001A48AC /* TextBindingManager.swift */; };
/* End PBXBuildFile section */

/* Begin PBXFileReference section */
		4541687524FCA093006ED15A /* kratos.app */ = {isa = PBXFileReference; explicitFileType = wrapper.application; includeInIndex = 0; path = kratos.app; sourceTree = BUILT_PRODUCTS_DIR; };
		4541687824FCA093006ED15A /* AppDelegate.swift */ = {isa = PBXFileReference; lastKnownFileType = sourcecode.swift; path = AppDelegate.swift; sourceTree = "<group>"; };
		4541687A24FCA093006ED15A /* SceneDelegate.swift */ = {isa = PBXFileReference; lastKnownFileType = sourcecode.swift; path = SceneDelegate.swift; sourceTree = "<group>"; };
		4541687C24FCA093006ED15A /* ContentView.swift */ = {isa = PBXFileReference; lastKnownFileType = sourcecode.swift; path = ContentView.swift; sourceTree = "<group>"; };
		4541687E24FCA098006ED15A /* Assets.xcassets */ = {isa = PBXFileReference; lastKnownFileType = folder.assetcatalog; path = Assets.xcassets; sourceTree = "<group>"; };
		4541688124FCA098006ED15A /* Preview Assets.xcassets */ = {isa = PBXFileReference; lastKnownFileType = folder.assetcatalog; path = "Preview Assets.xcassets"; sourceTree = "<group>"; };
		4541688424FCA098006ED15A /* Base */ = {isa = PBXFileReference; lastKnownFileType = file.storyboard; name = Base; path = Base.lproj/LaunchScreen.storyboard; sourceTree = "<group>"; };
		4541688624FCA098006ED15A /* Info.plist */ = {isa = PBXFileReference; lastKnownFileType = text.plist.xml; path = Info.plist; sourceTree = "<group>"; };
		4541688D24FCA612006ED15A /* RecordedWorkout.swift */ = {isa = PBXFileReference; lastKnownFileType = sourcecode.swift; path = RecordedWorkout.swift; sourceTree = "<group>"; };
		4541688F24FEA705006ED15A /* BeginWorkout.swift */ = {isa = PBXFileReference; lastKnownFileType = sourcecode.swift; path = BeginWorkout.swift; sourceTree = "<group>"; };
		4541689424FEFBD2006ED15A /* GenericButton.swift */ = {isa = PBXFileReference; lastKnownFileType = sourcecode.swift; path = GenericButton.swift; sourceTree = "<group>"; };
		4541689624FF010A006ED15A /* CreateWorkoutScreen.swift */ = {isa = PBXFileReference; lastKnownFileType = sourcecode.swift; path = CreateWorkoutScreen.swift; sourceTree = "<group>"; };
		4541689824FF045E006ED15A /* WorkoutList.swift */ = {isa = PBXFileReference; lastKnownFileType = sourcecode.swift; path = WorkoutList.swift; sourceTree = "<group>"; };
		459598A025070C3A001A48AC /* ButtonStyles.swift */ = {isa = PBXFileReference; lastKnownFileType = sourcecode.swift; path = ButtonStyles.swift; sourceTree = "<group>"; };
		459598A325098329001A48AC /* TextBindingManager.swift */ = {isa = PBXFileReference; lastKnownFileType = sourcecode.swift; path = TextBindingManager.swift; sourceTree = "<group>"; };
/* End PBXFileReference section */

/* Begin PBXFrameworksBuildPhase section */
		4541687224FCA093006ED15A /* Frameworks */ = {
			isa = PBXFrameworksBuildPhase;
			buildActionMask = 2147483647;
			files = (
			);
			runOnlyForDeploymentPostprocessing = 0;
		};
/* End PBXFrameworksBuildPhase section */

/* Begin PBXGroup section */
		4541686C24FCA093006ED15A = {
			isa = PBXGroup;
			children = (
				4541687724FCA093006ED15A /* kratos */,
				4541687624FCA093006ED15A /* Products */,
			);
			sourceTree = "<group>";
		};
		4541687624FCA093006ED15A /* Products */ = {
			isa = PBXGroup;
			children = (
				4541687524FCA093006ED15A /* kratos.app */,
			);
			name = Products;
			sourceTree = "<group>";
		};
		4541687724FCA093006ED15A /* kratos */ = {
			isa = PBXGroup;
			children = (
				4541687824FCA093006ED15A /* AppDelegate.swift */,
				4541687A24FCA093006ED15A /* SceneDelegate.swift */,
				4541687C24FCA093006ED15A /* ContentView.swift */,
				4541688C24FCA5FA006ED15A /* Views */,
				4541687E24FCA098006ED15A /* Assets.xcassets */,
				459598A225098311001A48AC /* Controller */,
				4541688324FCA098006ED15A /* LaunchScreen.storyboard */,
				4541688624FCA098006ED15A /* Info.plist */,
				4541688024FCA098006ED15A /* Preview Content */,
			);
			path = kratos;
			sourceTree = "<group>";
		};
		4541688024FCA098006ED15A /* Preview Content */ = {
			isa = PBXGroup;
			children = (
				4541688124FCA098006ED15A /* Preview Assets.xcassets */,
			);
			path = "Preview Content";
			sourceTree = "<group>";
		};
		4541688C24FCA5FA006ED15A /* Views */ = {
			isa = PBXGroup;
			children = (
				4595989F25070BFC001A48AC /* Styles */,
				4541689124FEA8A5006ED15A /* Components */,
				4541688D24FCA612006ED15A /* RecordedWorkout.swift */,
				4541688F24FEA705006ED15A /* BeginWorkout.swift */,
				4541689624FF010A006ED15A /* CreateWorkoutScreen.swift */,
			);
			path = Views;
			sourceTree = "<group>";
		};
		4541689124FEA8A5006ED15A /* Components */ = {
			isa = PBXGroup;
			children = (
				4541689424FEFBD2006ED15A /* GenericButton.swift */,
				4541689824FF045E006ED15A /* WorkoutList.swift */,
			);
			path = Components;
			sourceTree = "<group>";
		};
		4595989F25070BFC001A48AC /* Styles */ = {
			isa = PBXGroup;
			children = (
				459598A025070C3A001A48AC /* ButtonStyles.swift */,
			);
			path = Styles;
			sourceTree = "<group>";
		};
		459598A225098311001A48AC /* Controller */ = {
			isa = PBXGroup;
			children = (
				459598A325098329001A48AC /* TextBindingManager.swift */,
			);
			path = Controller;
			sourceTree = "<group>";
		};
/* End PBXGroup section */

/* Begin PBXNativeTarget section */
		4541687424FCA093006ED15A /* kratos */ = {
			isa = PBXNativeTarget;
			buildConfigurationList = 4541688924FCA098006ED15A /* Build configuration list for PBXNativeTarget "kratos" */;
			buildPhases = (
				4541687124FCA093006ED15A /* Sources */,
				4541687224FCA093006ED15A /* Frameworks */,
				4541687324FCA093006ED15A /* Resources */,
			);
			buildRules = (
			);
			dependencies = (
			);
			name = kratos;
			productName = kratos;
			productReference = 4541687524FCA093006ED15A /* kratos.app */;
			productType = "com.apple.product-type.application";
		};
/* End PBXNativeTarget section */

/* Begin PBXProject section */
		4541686D24FCA093006ED15A /* Project object */ = {
			isa = PBXProject;
			attributes = {
				LastSwiftUpdateCheck = 1160;
				LastUpgradeCheck = 1160;
				ORGANIZATIONNAME = "Elijah Kajinic";
				TargetAttributes = {
					4541687424FCA093006ED15A = {
						CreatedOnToolsVersion = 11.6;
					};
				};
			};
			buildConfigurationList = 4541687024FCA093006ED15A /* Build configuration list for PBXProject "kratos" */;
			compatibilityVersion = "Xcode 9.3";
			developmentRegion = en;
			hasScannedForEncodings = 0;
			knownRegions = (
				en,
				Base,
			);
			mainGroup = 4541686C24FCA093006ED15A;
			productRefGroup = 4541687624FCA093006ED15A /* Products */;
			projectDirPath = "";
			projectRoot = "";
			targets = (
				4541687424FCA093006ED15A /* kratos */,
			);
		};
/* End PBXProject section */

/* Begin PBXResourcesBuildPhase section */
		4541687324FCA093006ED15A /* Resources */ = {
			isa = PBXResourcesBuildPhase;
			buildActionMask = 2147483647;
			files = (
				4541688524FCA098006ED15A /* LaunchScreen.storyboard in Resources */,
				4541688224FCA098006ED15A /* Preview Assets.xcassets in Resources */,
				4541687F24FCA098006ED15A /* Assets.xcassets in Resources */,
			);
			runOnlyForDeploymentPostprocessing = 0;
		};
/* End PBXResourcesBuildPhase section */

/* Begin PBXSourcesBuildPhase section */
		4541687124FCA093006ED15A /* Sources */ = {
			isa = PBXSourcesBuildPhase;
			buildActionMask = 2147483647;
			files = (
				4541687924FCA093006ED15A /* AppDelegate.swift in Sources */,
				4541687B24FCA093006ED15A /* SceneDelegate.swift in Sources */,
				459598A425098329001A48AC /* TextBindingManager.swift in Sources */,
				4541688E24FCA612006ED15A /* RecordedWorkout.swift in Sources */,
				4541689924FF045E006ED15A /* WorkoutList.swift in Sources */,
				459598A125070C3A001A48AC /* ButtonStyles.swift in Sources */,
				4541689524FEFBD2006ED15A /* GenericButton.swift in Sources */,
				4541687D24FCA093006ED15A /* ContentView.swift in Sources */,
				4541689024FEA705006ED15A /* BeginWorkout.swift in Sources */,
				4541689724FF010A006ED15A /* CreateWorkoutScreen.swift in Sources */,
			);
			runOnlyForDeploymentPostprocessing = 0;
		};
/* End PBXSourcesBuildPhase section */

/* Begin PBXVariantGroup section */
		4541688324FCA098006ED15A /* LaunchScreen.storyboard */ = {
			isa = PBXVariantGroup;
			children = (
				4541688424FCA098006ED15A /* Base */,
			);
			name = LaunchScreen.storyboard;
			sourceTree = "<group>";
		};
/* End PBXVariantGroup section */

/* Begin XCBuildConfiguration section */
		4541688724FCA098006ED15A /* Debug */ = {
			isa = XCBuildConfiguration;
			buildSettings = {
				ALWAYS_SEARCH_USER_PATHS = NO;
				CLANG_ANALYZER_NONNULL = YES;
				CLANG_ANALYZER_NUMBER_OBJECT_CONVERSION = YES_AGGRESSIVE;
				CLANG_CXX_LANGUAGE_STANDARD = "gnu++14";
				CLANG_CXX_LIBRARY = "libc++";
				CLANG_ENABLE_MODULES = YES;
				CLANG_ENABLE_OBJC_ARC = YES;
				CLANG_ENABLE_OBJC_WEAK = YES;
				CLANG_WARN_BLOCK_CAPTURE_AUTORELEASING = YES;
				CLANG_WARN_BOOL_CONVERSION = YES;
				CLANG_WARN_COMMA = YES;
				CLANG_WARN_CONSTANT_CONVERSION = YES;
				CLANG_WARN_DEPRECATED_OBJC_IMPLEMENTATIONS = YES;
				CLANG_WARN_DIRECT_OBJC_ISA_USAGE = YES_ERROR;
				CLANG_WARN_DOCUMENTATION_COMMENTS = YES;
				CLANG_WARN_EMPTY_BODY = YES;
				CLANG_WARN_ENUM_CONVERSION = YES;
				CLANG_WARN_INFINITE_RECURSION = YES;
				CLANG_WARN_INT_CONVERSION = YES;
				CLANG_WARN_NON_LITERAL_NULL_CONVERSION = YES;
				CLANG_WARN_OBJC_IMPLICIT_RETAIN_SELF = YES;
				CLANG_WARN_OBJC_LITERAL_CONVERSION = YES;
				CLANG_WARN_OBJC_ROOT_CLASS = YES_ERROR;
				CLANG_WARN_RANGE_LOOP_ANALYSIS = YES;
				CLANG_WARN_STRICT_PROTOTYPES = YES;
				CLANG_WARN_SUSPICIOUS_MOVE = YES;
				CLANG_WARN_UNGUARDED_AVAILABILITY = YES_AGGRESSIVE;
				CLANG_WARN_UNREACHABLE_CODE = YES;
				CLANG_WARN__DUPLICATE_METHOD_MATCH = YES;
				COPY_PHASE_STRIP = NO;
				DEBUG_INFORMATION_FORMAT = dwarf;
				ENABLE_STRICT_OBJC_MSGSEND = YES;
				ENABLE_TESTABILITY = YES;
				GCC_C_LANGUAGE_STANDARD = gnu11;
				GCC_DYNAMIC_NO_PIC = NO;
				GCC_NO_COMMON_BLOCKS = YES;
				GCC_OPTIMIZATION_LEVEL = 0;
				GCC_PREPROCESSOR_DEFINITIONS = (
					"DEBUG=1",
					"$(inherited)",
				);
				GCC_WARN_64_TO_32_BIT_CONVERSION = YES;
				GCC_WARN_ABOUT_RETURN_TYPE = YES_ERROR;
				GCC_WARN_UNDECLARED_SELECTOR = YES;
				GCC_WARN_UNINITIALIZED_AUTOS = YES_AGGRESSIVE;
				GCC_WARN_UNUSED_FUNCTION = YES;
				GCC_WARN_UNUSED_VARIABLE = YES;
				IPHONEOS_DEPLOYMENT_TARGET = 13.6;
				MTL_ENABLE_DEBUG_INFO = INCLUDE_SOURCE;
				MTL_FAST_MATH = YES;
				ONLY_ACTIVE_ARCH = YES;
				SDKROOT = iphoneos;
				SWIFT_ACTIVE_COMPILATION_CONDITIONS = DEBUG;
				SWIFT_OPTIMIZATION_LEVEL = "-Onone";
			};
			name = Debug;
		};
		4541688824FCA098006ED15A /* Release */ = {
			isa = XCBuildConfiguration;
			buildSettings = {
				ALWAYS_SEARCH_USER_PATHS = NO;
				CLANG_ANALYZER_NONNULL = YES;
				CLANG_ANALYZER_NUMBER_OBJECT_CONVERSION = YES_AGGRESSIVE;
				CLANG_CXX_LANGUAGE_STANDARD = "gnu++14";
				CLANG_CXX_LIBRARY = "libc++";
				CLANG_ENABLE_MODULES = YES;
				CLANG_ENABLE_OBJC_ARC = YES;
				CLANG_ENABLE_OBJC_WEAK = YES;
				CLANG_WARN_BLOCK_CAPTURE_AUTORELEASING = YES;
				CLANG_WARN_BOOL_CONVERSION = YES;
				CLANG_WARN_COMMA = YES;
				CLANG_WARN_CONSTANT_CONVERSION = YES;
				CLANG_WARN_DEPRECATED_OBJC_IMPLEMENTATIONS = YES;
				CLANG_WARN_DIRECT_OBJC_ISA_USAGE = YES_ERROR;
				CLANG_WARN_DOCUMENTATION_COMMENTS = YES;
				CLANG_WARN_EMPTY_BODY = YES;
				CLANG_WARN_ENUM_CONVERSION = YES;
				CLANG_WARN_INFINITE_RECURSION = YES;
				CLANG_WARN_INT_CONVERSION = YES;
				CLANG_WARN_NON_LITERAL_NULL_CONVERSION = YES;
				CLANG_WARN_OBJC_IMPLICIT_RETAIN_SELF = YES;
				CLANG_WARN_OBJC_LITERAL_CONVERSION = YES;
				CLANG_WARN_OBJC_ROOT_CLASS = YES_ERROR;
				CLANG_WARN_RANGE_LOOP_ANALYSIS = YES;
				CLANG_WARN_STRICT_PROTOTYPES = YES;
				CLANG_WARN_SUSPICIOUS_MOVE = YES;
				CLANG_WARN_UNGUARDED_AVAILABILITY = YES_AGGRESSIVE;
				CLANG_WARN_UNREACHABLE_CODE = YES;
				CLANG_WARN__DUPLICATE_METHOD_MATCH = YES;
				COPY_PHASE_STRIP = NO;
				DEBUG_INFORMATION_FORMAT = "dwarf-with-dsym";
				ENABLE_NS_ASSERTIONS = NO;
				ENABLE_STRICT_OBJC_MSGSEND = YES;
				GCC_C_LANGUAGE_STANDARD = gnu11;
				GCC_NO_COMMON_BLOCKS = YES;
				GCC_WARN_64_TO_32_BIT_CONVERSION = YES;
				GCC_WARN_ABOUT_RETURN_TYPE = YES_ERROR;
				GCC_WARN_UNDECLARED_SELECTOR = YES;
				GCC_WARN_UNINITIALIZED_AUTOS = YES_AGGRESSIVE;
				GCC_WARN_UNUSED_FUNCTION = YES;
				GCC_WARN_UNUSED_VARIABLE = YES;
				IPHONEOS_DEPLOYMENT_TARGET = 13.6;
				MTL_ENABLE_DEBUG_INFO = NO;
				MTL_FAST_MATH = YES;
				SDKROOT = iphoneos;
				SWIFT_COMPILATION_MODE = wholemodule;
				SWIFT_OPTIMIZATION_LEVEL = "-O";
				VALIDATE_PRODUCT = YES;
			};
			name = Release;
		};
		4541688A24FCA098006ED15A /* Debug */ = {
			isa = XCBuildConfiguration;
			buildSettings = {
				ASSETCATALOG_COMPILER_APPICON_NAME = AppIcon;
				CODE_SIGN_STYLE = Automatic;
				DEVELOPMENT_ASSET_PATHS = "\"kratos/Preview Content\"";
				DEVELOPMENT_TEAM = PWW5R5CPGW;
				ENABLE_PREVIEWS = YES;
				INFOPLIST_FILE = kratos/Info.plist;
				LD_RUNPATH_SEARCH_PATHS = (
					"$(inherited)",
					"@executable_path/Frameworks",
				);
				PRODUCT_BUNDLE_IDENTIFIER = "com.eli-k.kratos";
				PRODUCT_NAME = "$(TARGET_NAME)";
				SWIFT_VERSION = 5.0;
				TARGETED_DEVICE_FAMILY = "1,2";
			};
			name = Debug;
		};
		4541688B24FCA098006ED15A /* Release */ = {
			isa = XCBuildConfiguration;
			buildSettings = {
				ASSETCATALOG_COMPILER_APPICON_NAME = AppIcon;
				CODE_SIGN_STYLE = Automatic;
				DEVELOPMENT_ASSET_PATHS = "\"kratos/Preview Content\"";
				DEVELOPMENT_TEAM = PWW5R5CPGW;
				ENABLE_PREVIEWS = YES;
				INFOPLIST_FILE = kratos/Info.plist;
				LD_RUNPATH_SEARCH_PATHS = (
					"$(inherited)",
					"@executable_path/Frameworks",
				);
				PRODUCT_BUNDLE_IDENTIFIER = "com.eli-k.kratos";
				PRODUCT_NAME = "$(TARGET_NAME)";
				SWIFT_VERSION = 5.0;
				TARGETED_DEVICE_FAMILY = "1,2";
			};
			name = Release;
		};
/* End XCBuildConfiguration section */

/* Begin XCConfigurationList section */
		4541687024FCA093006ED15A /* Build configuration list for PBXProject "kratos" */ = {
			isa = XCConfigurationList;
			buildConfigurations = (
				4541688724FCA098006ED15A /* Debug */,
				4541688824FCA098006ED15A /* Release */,
			);
			defaultConfigurationIsVisible = 0;
			defaultConfigurationName = Release;
		};
		4541688924FCA098006ED15A /* Build configuration list for PBXNativeTarget "kratos" */ = {
			isa = XCConfigurationList;
			buildConfigurations = (
				4541688A24FCA098006ED15A /* Debug */,
				4541688B24FCA098006ED15A /* Release */,
			);
			defaultConfigurationIsVisible = 0;
			defaultConfigurationName = Release;
		};
/* End XCConfigurationList section */
	};
	rootObject = 4541686D24FCA093006ED15A /* Project object */;
}
